
Microsoft Visual Studio Solution File, Format Version 12.00
# Visual Studio Version 17
VisualStudioVersion = 17.7.34221.43
MinimumVisualStudioVersion = 10.0.40219.1
Project("{8BC9CEB8-8B4A-11D0-8D11-00A0C91BC942}") = "OOPoly", "OOPoly\OOPoly.vcxproj", "{4D8508B8-5A2A-4D83-8E41-60B3DD41645A}"
EndProject
Global
	GlobalSection(SolutionConfigurationPlatforms) = preSolution
		Debug|x64 = Debug|x64
		Debug|x86 = Debug|x86
		Release|x64 = Release|x64
		Release|x86 = Release|x86
	EndGlobalSection
	GlobalSection(ProjectConfigurationPlatforms) = postSolution
		{4D8508B8-5A2A-4D83-8E41-60B3DD41645A}.Debug|x64.ActiveCfg = Debug|x64
		{4D8508B8-5A2A-4D83-8E41-60B3DD41645A}.Debug|x64.Build.0 = Debug|x64
		{4D8508B8-5A2A-4D83-8E41-60B3DD41645A}.Debug|x86.ActiveCfg = Debug|Win32
		{4D8508B8-5A2A-4D83-8E41-60B3DD41645A}.Debug|x86.Build.0 = Debug|Win32
		{4D8508B8-5A2A-4D83-8E41-60B3DD41645A}.Release|x64.ActiveCfg = Release|x64
		{4D8508B8-5A2A-4D83-8E41-60B3DD41645A}.Release|x64.Build.0 = Release|x64
		{4D8508B8-5A2A-4D83-8E41-60B3DD41645A}.Release|x86.ActiveCfg = Release|Win32
		{4D8508B8-5A2A-4D83-8E41-60B3DD41645A}.Release|x86.Build.0 = Release|Win32
	EndGlobalSection
	GlobalSection(SolutionProperties) = preSolution
		HideSolutionNode = FALSE
	EndGlobalSection
	GlobalSection(ExtensibilityGlobals) = postSolution
		SolutionGuid = {24FE1B8E-B566-42FE-BA6C-AF2BF5BA12FF}
	EndGlobalSection
EndGlobal
